
Microsoft Visual Studio Solution File, Format Version 12.00
# Visual Studio Version 16
VisualStudioVersion = 16.0.30406.217
MinimumVisualStudioVersion = 10.0.40219.1
Project("{FAE04EC0-301F-11D3-BF4B-00C04F79EFBC}") = "SimpleDataBinding", "SimpleDataBinding\SimpleDataBinding.csproj", "{B4597624-4967-425A-B161-55A4DCA492F0}"
EndProject
Global
	GlobalSection(SolutionConfigurationPlatforms) = preSolution
		Debug|Any CPU = Debug|Any CPU
		Release|Any CPU = Release|Any CPU
	EndGlobalSection
	GlobalSection(ProjectConfigurationPlatforms) = postSolution
		{B4597624-4967-425A-B161-55A4DCA492F0}.Debug|Any CPU.ActiveCfg = Debug|Any CPU
		{B4597624-4967-425A-B161-55A4DCA492F0}.Debug|Any CPU.Build.0 = Debug|Any CPU
		{B4597624-4967-425A-B161-55A4DCA492F0}.Release|Any CPU.ActiveCfg = Release|Any CPU
		{B4597624-4967-425A-B161-55A4DCA492F0}.Release|Any CPU.Build.0 = Release|Any CPU
	EndGlobalSection
	GlobalSection(SolutionProperties) = preSolution
		HideSolutionNode = FALSE
	EndGlobalSection
	GlobalSection(ExtensibilityGlobals) = postSolution
		SolutionGuid = {C7E6E981-FBB9-4023-AF98-CB614F4AC5E7}
	EndGlobalSection
EndGlobal
